
Microsoft Visual Studio Solution File, Format Version 12.00
# Visual Studio Version 17
VisualStudioVersion = 17.10.35013.160
MinimumVisualStudioVersion = 10.0.40219.1
Project("{FAE04EC0-301F-11D3-BF4B-00C04F79EFBC}") = "SignUp", "SignUp\SignUp.csproj", "{DADD61D1-3477-492D-989F-7A02D392E923}"
EndProject
Global
	GlobalSection(SolutionConfigurationPlatforms) = preSolution
		Debug|Any CPU = Debug|Any CPU
		Release|Any CPU = Release|Any CPU
	EndGlobalSection
	GlobalSection(ProjectConfigurationPlatforms) = postSolution
		{DADD61D1-3477-492D-989F-7A02D392E923}.Debug|Any CPU.ActiveCfg = Debug|Any CPU
		{DADD61D1-3477-492D-989F-7A02D392E923}.Debug|Any CPU.Build.0 = Debug|Any CPU
		{DADD61D1-3477-492D-989F-7A02D392E923}.Release|Any CPU.ActiveCfg = Release|Any CPU
		{DADD61D1-3477-492D-989F-7A02D392E923}.Release|Any CPU.Build.0 = Release|Any CPU
	EndGlobalSection
	GlobalSection(SolutionProperties) = preSolution
		HideSolutionNode = FALSE
	EndGlobalSection
	GlobalSection(ExtensibilityGlobals) = postSolution
		SolutionGuid = {CF014896-7680-439A-9884-FAD321EEED62}
	EndGlobalSection
EndGlobal
